# THIS IS AN AUTOGENERATED FILE. DO NOT EDIT THIS FILE DIRECTLY.
# yarn lockfile v1


"@types/acorn@*":
  version "4.0.2"
  resolved "http://registry.npm.taobao.org/@types/acorn/download/@types/acorn-4.0.2.tgz#5c37dade857a53c14258c914d43e634076aec3fd"
  dependencies:
    "@types/estree" "*"

"@types/estree@*":
  version "0.0.37"
  resolved "http://registry.npm.taobao.org/@types/estree/download/@types/estree-0.0.37.tgz#48949c1516d46139c1e521195f9e12993b69d751"

"@types/jquery@^3.2.12":
  version "3.2.12"
  resolved "http://registry.npm.taobao.org/@types/jquery/download/@types/jquery-3.2.12.tgz#f496823108c3874c97c9a822e675a3926ee64b46"

"@types/minimist@^1.2.0":
  version "1.2.0"
  resolved "http://registry.npm.taobao.org/@types/minimist/download/@types/minimist-1.2.0.tgz#69a23a3ad29caf0097f06eda59b361ee2f0639f6"

"@types/rollup@^0.41.1":
  version "0.41.1"
  resolved "http://registry.npm.taobao.org/@types/rollup/download/@types/rollup-0.41.1.tgz#0a88eb8715bbe70a87287098f2cd76716c60137f"
  dependencies:
    "@types/acorn" "*"
    "@types/source-map" "*"

"@types/source-map@*":
  version "0.5.1"
  resolved "http://registry.npm.taobao.org/@types/source-map/download/@types/source-map-0.5.1.tgz#7e74db5d06ab373a712356eebfaea2fad0ea2367"

acorn@^5.1.1:
  version "5.1.2"
  resolved "http://registry.npm.taobao.org/acorn/download/acorn-5.1.2.tgz#911cb53e036807cf0fa778dc5d370fbd864246d7"

ajv@^4.9.1:
  version "4.11.8"
  resolved "http://registry.npm.taobao.org/ajv/download/ajv-4.11.8.tgz#82ffb02b29e662ae53bdc20af15947706739c536"
  dependencies:
    co "^4.6.0"
    json-stable-stringify "^1.0.1"

arr-diff@^2.0.0:
  version "2.0.0"
  resolved "http://registry.npm.taobao.org/arr-diff/download/arr-diff-2.0.0.tgz#8f3b827f955a8bd669697e4a4256ac3ceae356cf"
  dependencies:
    arr-flatten "^1.0.1"

arr-flatten@^1.0.1:
  version "1.1.0"
  resolved "http://registry.npm.taobao.org/arr-flatten/download/arr-flatten-1.1.0.tgz#36048bbff4e7b47e136644316c99669ea5ae91f1"

array-unique@^0.2.1:
  version "0.2.1"
  resolved "http://registry.npm.taobao.org/array-unique/download/array-unique-0.2.1.tgz#a1d97ccafcbc2625cc70fadceb36a50c58b01a53"

asap@~2.0.3:
  version "2.0.6"
  resolved "http://registry.npm.taobao.org/asap/download/asap-2.0.6.tgz#e50347611d7e690943208bbdafebcbc2fb866d46"

asn1@~0.2.3:
  version "0.2.3"
  resolved "http://registry.npm.taobao.org/asn1/download/asn1-0.2.3.tgz#dac8787713c9966849fc8180777ebe9c1ddf3b86"

assert-plus@1.0.0, assert-plus@^1.0.0:
  version "1.0.0"
  resolved "http://registry.npm.taobao.org/assert-plus/download/assert-plus-1.0.0.tgz#f12e0f3c5d77b0b1cdd9146942e4e96c1e4dd525"

assert-plus@^0.2.0:
  version "0.2.0"
  resolved "http://registry.npm.taobao.org/assert-plus/download/assert-plus-0.2.0.tgz#d74e1b87e7affc0db8aadb7021f3fe48101ab234"

asynckit@^0.4.0:
  version "0.4.0"
  resolved "http://registry.npm.taobao.org/asynckit/download/asynckit-0.4.0.tgz#c79ed97f7f34cb8f2ba1bc9790bcc366474b4b79"

aws-sign2@~0.6.0:
  version "0.6.0"
  resolved "http://registry.npm.taobao.org/aws-sign2/download/aws-sign2-0.6.0.tgz#14342dd38dbcc94d0e5b87d763cd63612c0e794f"

aws4@^1.2.1:
  version "1.6.0"
  resolved "http://registry.npm.taobao.org/aws4/download/aws4-1.6.0.tgz#83ef5ca860b2b32e4a0deedee8c771b9db57471e"

balanced-match@^1.0.0:
  version "1.0.0"
  resolved "http://registry.npm.taobao.org/balanced-match/download/balanced-match-1.0.0.tgz#89b4d199ab2bee49de164ea02b89ce462d71b767"

bcrypt-pbkdf@^1.0.0:
  version "1.0.1"
  resolved "http://registry.npm.taobao.org/bcrypt-pbkdf/download/bcrypt-pbkdf-1.0.1.tgz#63bc5dcb61331b92bc05fd528953c33462a06f8d"
  dependencies:
    tweetnacl "^0.14.3"

boom@2.x.x:
  version "2.10.1"
  resolved "http://registry.npm.taobao.org/boom/download/boom-2.10.1.tgz#39c8918ceff5799f83f9492a848f625add0c766f"
  dependencies:
    hoek "2.x.x"

brace-expansion@^1.1.7:
  version "1.1.8"
  resolved "http://registry.npm.taobao.org/brace-expansion/download/brace-expansion-1.1.8.tgz#c07b211c7c952ec1f8efd51a77ef0d1d3990a292"
  dependencies:
    balanced-match "^1.0.0"
    concat-map "0.0.1"

braces@^1.8.2:
  version "1.8.5"
  resolved "http://registry.npm.taobao.org/braces/download/braces-1.8.5.tgz#ba77962e12dff969d6b76711e914b737857bf6a7"
  dependencies:
    expand-range "^1.8.1"
    preserve "^0.2.0"
    repeat-element "^1.1.2"

browser-resolve@^1.11.0:
  version "1.11.2"
  resolved "http://registry.npm.taobao.org/browser-resolve/download/browser-resolve-1.11.2.tgz#8ff09b0a2c421718a1051c260b32e48f442938ce"
  dependencies:
    resolve "1.1.7"

builtin-modules@^1.1.0:
  version "1.1.1"
  resolved "http://registry.npm.taobao.org/builtin-modules/download/builtin-modules-1.1.1.tgz#270f076c5a72c02f5b65a47df94c5fe3a278892f"

caseless@~0.12.0:
  version "0.12.0"
  resolved "http://registry.npm.taobao.org/caseless/download/caseless-0.12.0.tgz#1b681c21ff84033c826543090689420d187151dc"

co@^4.6.0:
  version "4.6.0"
  resolved "http://registry.npm.taobao.org/co/download/co-4.6.0.tgz#6ea6bdf3d853ae54ccb8e47bfa0bf3f9031fb184"

combined-stream@^1.0.5, combined-stream@~1.0.5:
  version "1.0.5"
  resolved "http://registry.npm.taobao.org/combined-stream/download/combined-stream-1.0.5.tgz#938370a57b4a51dea2c77c15d5c5fdf895164009"
  dependencies:
    delayed-stream "~1.0.0"

compare-versions@3.0.1:
  version "3.0.1"
  resolved "http://registry.npm.taobao.org/compare-versions/download/compare-versions-3.0.1.tgz#e60915b7fb294e29bbb60869188762beeb871443"

concat-map@0.0.1:
  version "0.0.1"
  resolved "http://registry.npm.taobao.org/concat-map/download/concat-map-0.0.1.tgz#d8a96bd77fd68df7793a73036a3ba0d5405d477b"

core-util-is@1.0.2:
  version "1.0.2"
  resolved "http://registry.npm.taobao.org/core-util-is/download/core-util-is-1.0.2.tgz#b5fd54220aa2bc5ab57aab7140c940754503c1a7"

cryptiles@2.x.x:
  version "2.0.5"
  resolved "http://registry.npm.taobao.org/cryptiles/download/cryptiles-2.0.5.tgz#3bdfecdc608147c1c67202fa291e7dca59eaa3b8"
  dependencies:
    boom "2.x.x"

dashdash@^1.12.0:
  version "1.14.1"
  resolved "http://registry.npm.taobao.org/dashdash/download/dashdash-1.14.1.tgz#853cfa0f7cbe2fed5de20326b8dd581035f6e2f0"
  dependencies:
    assert-plus "^1.0.0"

de-indent@^1.0.2:
  version "1.0.2"
  resolved "http://registry.npm.taobao.org/de-indent/download/de-indent-1.0.2.tgz#b2038e846dc33baa5796128d0804b455b8c1e21d"

delayed-stream@~1.0.0:
  version "1.0.0"
  resolved "http://registry.npm.taobao.org/delayed-stream/download/delayed-stream-1.0.0.tgz#df3ae199acadfb7d440aaae0b29e2272b24ec619"

ecc-jsbn@~0.1.1:
  version "0.1.1"
  resolved "http://registry.npm.taobao.org/ecc-jsbn/download/ecc-jsbn-0.1.1.tgz#0fc73a9ed5f0d53c38193398523ef7e543777505"
  dependencies:
    jsbn "~0.1.0"

errno@^0.1.1:
  version "0.1.4"
  resolved "http://registry.npm.taobao.org/errno/download/errno-0.1.4.tgz#b896e23a9e5e8ba33871fc996abd3635fc9a1c7d"
  dependencies:
    prr "~0.0.0"

estree-walker@^0.2.1:
  version "0.2.1"
  resolved "http://registry.npm.taobao.org/estree-walker/download/estree-walker-0.2.1.tgz#bdafe8095383d8414d5dc2ecf4c9173b6db9412e"

estree-walker@^0.3.0:
  version "0.3.1"
  resolved "http://registry.npm.taobao.org/estree-walker/download/estree-walker-0.3.1.tgz#e6b1a51cf7292524e7237c312e5fe6660c1ce1aa"

estree-walker@^0.5.0:
  version "0.5.0"
  resolved "http://registry.npm.taobao.org/estree-walker/download/estree-walker-0.5.0.tgz#aae3b57c42deb8010e349c892462f0e71c5dd1aa"

expand-brackets@^0.1.4:
  version "0.1.5"
  resolved "http://registry.npm.taobao.org/expand-brackets/download/expand-brackets-0.1.5.tgz#df07284e342a807cd733ac5af72411e581d1177b"
  dependencies:
    is-posix-bracket "^0.1.0"

expand-range@^1.8.1:
  version "1.8.2"
  resolved "http://registry.npm.taobao.org/expand-range/download/expand-range-1.8.2.tgz#a299effd335fe2721ebae8e257ec79644fc85337"
  dependencies:
    fill-range "^2.1.0"

extend@~3.0.0:
  version "3.0.1"
  resolved "http://registry.npm.taobao.org/extend/download/extend-3.0.1.tgz#a755ea7bc1adfcc5a31ce7e762dbaadc5e636444"

extglob@^0.3.1:
  version "0.3.2"
  resolved "http://registry.npm.taobao.org/extglob/download/extglob-0.3.2.tgz#2e18ff3d2f49ab2765cec9023f011daa8d8349a1"
  dependencies:
    is-extglob "^1.0.0"

extsprintf@1.3.0, extsprintf@^1.2.0:
  version "1.3.0"
  resolved "http://registry.npm.taobao.org/extsprintf/download/extsprintf-1.3.0.tgz#96918440e3041a7a414f8c52e3c574eb3c3e1e05"

filename-regex@^2.0.0:
  version "2.0.1"
  resolved "http://registry.npm.taobao.org/filename-regex/download/filename-regex-2.0.1.tgz#c1c4b9bee3e09725ddb106b75c1e301fe2f18b26"

fill-range@^2.1.0:
  version "2.2.3"
  resolved "http://registry.npm.taobao.org/fill-range/download/fill-range-2.2.3.tgz#50b77dfd7e469bc7492470963699fe7a8485a723"
  dependencies:
    is-number "^2.1.0"
    isobject "^2.0.0"
    randomatic "^1.1.3"
    repeat-element "^1.1.2"
    repeat-string "^1.5.2"

for-in@^1.0.1:
  version "1.0.2"
  resolved "http://registry.npm.taobao.org/for-in/download/for-in-1.0.2.tgz#81068d295a8142ec0ac726c6e2200c30fb6d5e80"

for-own@^0.1.4:
  version "0.1.5"
  resolved "http://registry.npm.taobao.org/for-own/download/for-own-0.1.5.tgz#5265c681a4f294dabbf17c9509b6763aa84510ce"
  dependencies:
    for-in "^1.0.1"

forever-agent@~0.6.1:
  version "0.6.1"
  resolved "http://registry.npm.taobao.org/forever-agent/download/forever-agent-0.6.1.tgz#fbc71f0c41adeb37f96c577ad1ed42d8fdacca91"

form-data@~2.1.1:
  version "2.1.4"
  resolved "http://registry.npm.taobao.org/form-data/download/form-data-2.1.4.tgz#33c183acf193276ecaa98143a69e94bfee1750d1"
  dependencies:
    asynckit "^0.4.0"
    combined-stream "^1.0.5"
    mime-types "^2.1.12"

fs-extra@^0.30.0:
  version "0.30.0"
  resolved "http://registry.npm.taobao.org/fs-extra/download/fs-extra-0.30.0.tgz#f233ffcc08d4da7d432daa449776989db1df93f0"
  dependencies:
    graceful-fs "^4.1.2"
    jsonfile "^2.1.0"
    klaw "^1.0.0"
    path-is-absolute "^1.0.0"
    rimraf "^2.2.8"

fs.realpath@^1.0.0:
  version "1.0.0"
  resolved "http://registry.npm.taobao.org/fs.realpath/download/fs.realpath-1.0.0.tgz#1504ad2523158caa40db4a2787cb01411994ea4f"

getpass@^0.1.1:
  version "0.1.7"
  resolved "http://registry.npm.taobao.org/getpass/download/getpass-0.1.7.tgz#5eff8e3e684d569ae4cb2b1282604e8ba62149fa"
  dependencies:
    assert-plus "^1.0.0"

glob-base@^0.3.0:
  version "0.3.0"
  resolved "http://registry.npm.taobao.org/glob-base/download/glob-base-0.3.0.tgz#dbb164f6221b1c0b1ccf82aea328b497df0ea3c4"
  dependencies:
    glob-parent "^2.0.0"
    is-glob "^2.0.0"

glob-parent@^2.0.0:
  version "2.0.0"
  resolved "http://registry.npm.taobao.org/glob-parent/download/glob-parent-2.0.0.tgz#81383d72db054fcccf5336daa902f182f6edbb28"
  dependencies:
    is-glob "^2.0.0"

glob@^7.0.5:
  version "7.1.2"
  resolved "http://registry.npm.taobao.org/glob/download/glob-7.1.2.tgz#c19c9df9a028702d678612384a6552404c636d15"
  dependencies:
    fs.realpath "^1.0.0"
    inflight "^1.0.4"
    inherits "2"
    minimatch "^3.0.4"
    once "^1.3.0"
    path-is-absolute "^1.0.0"

graceful-fs@^4.1.2, graceful-fs@^4.1.6, graceful-fs@^4.1.9:
  version "4.1.11"
  resolved "http://registry.npm.taobao.org/graceful-fs/download/graceful-fs-4.1.11.tgz#0e8bdfe4d1ddb8854d64e04ea7c00e2a026e5658"

har-schema@^1.0.5:
  version "1.0.5"
  resolved "http://registry.npm.taobao.org/har-schema/download/har-schema-1.0.5.tgz#d263135f43307c02c602afc8fe95970c0151369e"

har-validator@~4.2.1:
  version "4.2.1"
  resolved "http://registry.npm.taobao.org/har-validator/download/har-validator-4.2.1.tgz#33481d0f1bbff600dd203d75812a6a5fba002e2a"
  dependencies:
    ajv "^4.9.1"
    har-schema "^1.0.5"

hawk@~3.1.3:
  version "3.1.3"
  resolved "http://registry.npm.taobao.org/hawk/download/hawk-3.1.3.tgz#078444bd7c1640b0fe540d2c9b73d59678e8e1c4"
  dependencies:
    boom "2.x.x"
    cryptiles "2.x.x"
    hoek "2.x.x"
    sntp "1.x.x"

he@^1.1.0:
  version "1.1.1"
  resolved "http://registry.npm.taobao.org/he/download/he-1.1.1.tgz#93410fd21b009735151f8868c2f271f3427e23fd"

hoek@2.x.x:
  version "2.16.3"
  resolved "http://registry.npm.taobao.org/hoek/download/hoek-2.16.3.tgz#20bb7403d3cea398e91dc4710a8ff1b8274a25ed"

http-signature@~1.1.0:
  version "1.1.1"
  resolved "http://registry.npm.taobao.org/http-signature/download/http-signature-1.1.1.tgz#df72e267066cd0ac67fb76adf8e134a8fbcf91bf"
  dependencies:
    assert-plus "^0.2.0"
    jsprim "^1.2.2"
    sshpk "^1.7.0"

image-size@~0.5.0:
  version "0.5.5"
  resolved "http://registry.npm.taobao.org/image-size/download/image-size-0.5.5.tgz#09dfd4ab9d20e29eb1c3e80b8990378df9e3cb9c"

inflight@^1.0.4:
  version "1.0.6"
  resolved "http://registry.npm.taobao.org/inflight/download/inflight-1.0.6.tgz#49bd6331d7d02d0c09bc910a1075ba8165b56df9"
  dependencies:
    once "^1.3.0"
    wrappy "1"

inherits@2:
  version "2.0.3"
  resolved "http://registry.npm.taobao.org/inherits/download/inherits-2.0.3.tgz#633c2c83e3da42a502f52466022480f4208261de"

is-buffer@^1.1.5:
  version "1.1.5"
  resolved "http://registry.npm.taobao.org/is-buffer/download/is-buffer-1.1.5.tgz#1f3b26ef613b214b88cbca23cc6c01d87961eecc"

is-dotfile@^1.0.0:
  version "1.0.3"
  resolved "http://registry.npm.taobao.org/is-dotfile/download/is-dotfile-1.0.3.tgz#a6a2f32ffd2dfb04f5ca25ecd0f6b83cf798a1e1"

is-equal-shallow@^0.1.3:
  version "0.1.3"
  resolved "http://registry.npm.taobao.org/is-equal-shallow/download/is-equal-shallow-0.1.3.tgz#2238098fc221de0bcfa5d9eac4c45d638aa1c534"
  dependencies:
    is-primitive "^2.0.0"

is-extendable@^0.1.1:
  version "0.1.1"
  resolved "http://registry.npm.taobao.org/is-extendable/download/is-extendable-0.1.1.tgz#62b110e289a471418e3ec36a617d472e301dfc89"

is-extglob@^1.0.0:
  version "1.0.0"
  resolved "http://registry.npm.taobao.org/is-extglob/download/is-extglob-1.0.0.tgz#ac468177c4943405a092fc8f29760c6ffc6206c0"

is-glob@^2.0.0, is-glob@^2.0.1:
  version "2.0.1"
  resolved "http://registry.npm.taobao.org/is-glob/download/is-glob-2.0.1.tgz#d096f926a3ded5600f3fdfd91198cb0888c2d863"
  dependencies:
    is-extglob "^1.0.0"

is-module@^1.0.0:
  version "1.0.0"
  resolved "http://registry.npm.taobao.org/is-module/download/is-module-1.0.0.tgz#3258fb69f78c14d5b815d664336b4cffb6441591"

is-number@^2.1.0:
  version "2.1.0"
  resolved "http://registry.npm.taobao.org/is-number/download/is-number-2.1.0.tgz#01fcbbb393463a548f2f466cce16dece49db908f"
  dependencies:
    kind-of "^3.0.2"

is-number@^3.0.0:
  version "3.0.0"
  resolved "http://registry.npm.taobao.org/is-number/download/is-number-3.0.0.tgz#24fd6201a4782cf50561c810276afc7d12d71195"
  dependencies:
    kind-of "^3.0.2"

is-posix-bracket@^0.1.0:
  version "0.1.1"
  resolved "http://registry.npm.taobao.org/is-posix-bracket/download/is-posix-bracket-0.1.1.tgz#3334dc79774368e92f016e6fbc0a88f5cd6e6bc4"

is-primitive@^2.0.0:
  version "2.0.0"
  resolved "http://registry.npm.taobao.org/is-primitive/download/is-primitive-2.0.0.tgz#207bab91638499c07b2adf240a41a87210034575"

is-typedarray@~1.0.0:
  version "1.0.0"
  resolved "http://registry.npm.taobao.org/is-typedarray/download/is-typedarray-1.0.0.tgz#e479c80858df0c1b11ddda6940f96011fcda4a9a"

isarray@1.0.0:
  version "1.0.0"
  resolved "http://registry.npm.taobao.org/isarray/download/isarray-1.0.0.tgz#bb935d48582cba168c06834957a54a3e07124f11"

isobject@^2.0.0:
  version "2.1.0"
  resolved "http://registry.npm.taobao.org/isobject/download/isobject-2.1.0.tgz#f065561096a3f1da2ef46272f815c840d87e0c89"
  dependencies:
    isarray "1.0.0"

isstream@~0.1.2:
  version "0.1.2"
  resolved "http://registry.npm.taobao.org/isstream/download/isstream-0.1.2.tgz#47e63f7af55afa6f92e1500e690eb8b8529c099a"

jsbn@~0.1.0:
  version "0.1.1"
  resolved "http://registry.npm.taobao.org/jsbn/download/jsbn-0.1.1.tgz#a5e654c2e5a2deb5f201d96cefbca80c0ef2f513"

json-schema@0.2.3:
  version "0.2.3"
  resolved "http://registry.npm.taobao.org/json-schema/download/json-schema-0.2.3.tgz#b480c892e59a2f05954ce727bd3f2a4e882f9e13"

json-stable-stringify@^1.0.1:
  version "1.0.1"
  resolved "http://registry.npm.taobao.org/json-stable-stringify/download/json-stable-stringify-1.0.1.tgz#9a759d39c5f2ff503fd5300646ed445f88c4f9af"
  dependencies:
    jsonify "~0.0.0"

json-stringify-safe@~5.0.1:
  version "5.0.1"
  resolved "http://registry.npm.taobao.org/json-stringify-safe/download/json-stringify-safe-5.0.1.tgz#1296a2d58fd45f19a0f6ce01d65701e2c735b6eb"

jsonfile@^2.1.0:
  version "2.4.0"
  resolved "http://registry.npm.taobao.org/jsonfile/download/jsonfile-2.4.0.tgz#3736a2b428b87bbda0cc83b53fa3d633a35c2ae8"
  optionalDependencies:
    graceful-fs "^4.1.6"

jsonify@~0.0.0:
  version "0.0.0"
  resolved "http://registry.npm.taobao.org/jsonify/download/jsonify-0.0.0.tgz#2c74b6ee41d93ca51b7b5aaee8f503631d252a73"

jsprim@^1.2.2:
  version "1.4.1"
  resolved "http://registry.npm.taobao.org/jsprim/download/jsprim-1.4.1.tgz#313e66bc1e5cc06e438bc1b7499c2e5c56acb6a2"
  dependencies:
    assert-plus "1.0.0"
    extsprintf "1.3.0"
    json-schema "0.2.3"
    verror "1.10.0"

kind-of@^3.0.2:
  version "3.2.2"
  resolved "http://registry.npm.taobao.org/kind-of/download/kind-of-3.2.2.tgz#31ea21a734bab9bbb0f32466d893aea51e4a3c64"
  dependencies:
    is-buffer "^1.1.5"

kind-of@^4.0.0:
  version "4.0.0"
  resolved "http://registry.npm.taobao.org/kind-of/download/kind-of-4.0.0.tgz#20813df3d712928b207378691a45066fae72dd57"
  dependencies:
    is-buffer "^1.1.5"

klaw@^1.0.0:
  version "1.3.1"
  resolved "http://registry.npm.taobao.org/klaw/download/klaw-1.3.1.tgz#4088433b46b3b1ba259d78785d8e96f73ba02439"
  optionalDependencies:
    graceful-fs "^4.1.9"

less@^2.7.1:
  version "2.7.2"
  resolved "http://registry.npm.taobao.org/less/download/less-2.7.2.tgz#368d6cc73e1fb03981183280918743c5dcf9b3df"
  optionalDependencies:
    errno "^0.1.1"
    graceful-fs "^4.1.2"
    image-size "~0.5.0"
    mime "^1.2.11"
    mkdirp "^0.5.0"
    promise "^7.1.1"
    request "^2.72.0"
    source-map "^0.5.3"

magic-string@^0.19.0:
  version "0.19.1"
  resolved "http://registry.npm.taobao.org/magic-string/download/magic-string-0.19.1.tgz#14d768013caf2ec8fdea16a49af82fc377e75201"
  dependencies:
    vlq "^0.2.1"

magic-string@^0.22.4:
  version "0.22.4"
  resolved "http://registry.npm.taobao.org/magic-string/download/magic-string-0.22.4.tgz#31039b4e40366395618c1d6cf8193c53917475ff"
  dependencies:
    vlq "^0.2.1"

micromatch@^2.3.11:
  version "2.3.11"
  resolved "http://registry.npm.taobao.org/micromatch/download/micromatch-2.3.11.tgz#86677c97d1720b363431d04d0d15293bd38c1565"
  dependencies:
    arr-diff "^2.0.0"
    array-unique "^0.2.1"
    braces "^1.8.2"
    expand-brackets "^0.1.4"
    extglob "^0.3.1"
    filename-regex "^2.0.0"
    is-extglob "^1.0.0"
    is-glob "^2.0.1"
    kind-of "^3.0.2"
    normalize-path "^2.0.1"
    object.omit "^2.0.0"
    parse-glob "^3.0.4"
    regex-cache "^0.4.2"

mime-db@~1.30.0:
  version "1.30.0"
  resolved "http://registry.npm.taobao.org/mime-db/download/mime-db-1.30.0.tgz#74c643da2dd9d6a45399963465b26d5ca7d71f01"

mime-types@^2.1.12, mime-types@~2.1.7:
  version "2.1.17"
  resolved "http://registry.npm.taobao.org/mime-types/download/mime-types-2.1.17.tgz#09d7a393f03e995a79f8af857b70a9e0ab16557a"
  dependencies:
    mime-db "~1.30.0"

mime@^1.2.11:
  version "1.4.0"
  resolved "http://registry.npm.taobao.org/mime/download/mime-1.4.0.tgz#69e9e0db51d44f2a3b56e48b7817d7d137f1a343"

minimatch@^3.0.2, minimatch@^3.0.4:
  version "3.0.4"
  resolved "http://registry.npm.taobao.org/minimatch/download/minimatch-3.0.4.tgz#5166e286457f03306064be5497e8dbb0c3d32083"
  dependencies:
    brace-expansion "^1.1.7"

minimist@0.0.8:
  version "0.0.8"
  resolved "http://registry.npm.taobao.org/minimist/download/minimist-0.0.8.tgz#857fcabfc3397d2625b8228262e86aa7a011b05d"

minimist@^1.2.2:
  version "1.2.2"
  resolved "https://registry.yarnpkg.com/minimist/-/minimist-1.2.2.tgz#b00a00230a1108c48c169e69a291aafda3aacd63"

mkdirp@^0.5.0:
  version "0.5.1"
  resolved "http://registry.npm.taobao.org/mkdirp/download/mkdirp-0.5.1.tgz#30057438eac6cf7f8c4767f38648d6697d75c903"
  dependencies:
    minimist "0.0.8"

normalize-path@^2.0.1:
  version "2.1.1"
  resolved "http://registry.npm.taobao.org/normalize-path/download/normalize-path-2.1.1.tgz#1ab28b556e198363a8c1a6f7e6fa20137fe6aed9"
  dependencies:
    remove-trailing-separator "^1.0.1"

oauth-sign@~0.8.1:
  version "0.8.2"
  resolved "http://registry.npm.taobao.org/oauth-sign/download/oauth-sign-0.8.2.tgz#46a6ab7f0aead8deae9ec0565780b7d4efeb9d43"

object-assign@^4.0.1:
  version "4.1.1"
  resolved "http://registry.npm.taobao.org/object-assign/download/object-assign-4.1.1.tgz#2109adc7965887cfc05cbbd442cac8bfbb360863"

object.omit@^2.0.0:
  version "2.0.1"
  resolved "http://registry.npm.taobao.org/object.omit/download/object.omit-2.0.1.tgz#1a9c744829f39dbb858c76ca3579ae2a54ebd1fa"
  dependencies:
    for-own "^0.1.4"
    is-extendable "^0.1.1"

once@^1.3.0:
  version "1.4.0"
  resolved "http://registry.npm.taobao.org/once/download/once-1.4.0.tgz#583b1aa775961d4b113ac17d9c50baef9dd76bd1"
  dependencies:
    wrappy "1"

parse-glob@^3.0.4:
  version "3.0.4"
  resolved "http://registry.npm.taobao.org/parse-glob/download/parse-glob-3.0.4.tgz#b2c376cfb11f35513badd173ef0bb6e3a388391c"
  dependencies:
    glob-base "^0.3.0"
    is-dotfile "^1.0.0"
    is-extglob "^1.0.0"
    is-glob "^2.0.0"

path-is-absolute@^1.0.0:
  version "1.0.1"
  resolved "http://registry.npm.taobao.org/path-is-absolute/download/path-is-absolute-1.0.1.tgz#174b9268735534ffbc7ace6bf53a5a9e1b5c5f5f"

path-parse@^1.0.5:
  version "1.0.5"
  resolved "http://registry.npm.taobao.org/path-parse/download/path-parse-1.0.5.tgz#3c1adf871ea9cd6c9431b6ea2bd74a0ff055c4c1"

performance-now@^0.2.0:
  version "0.2.0"
  resolved "http://registry.npm.taobao.org/performance-now/download/performance-now-0.2.0.tgz#33ef30c5c77d4ea21c5a53869d91b56d8f2555e5"

preserve@^0.2.0:
  version "0.2.0"
  resolved "http://registry.npm.taobao.org/preserve/download/preserve-0.2.0.tgz#815ed1f6ebc65926f865b310c0713bcb3315ce4b"

promise@^7.1.1:
  version "7.3.1"
  resolved "http://registry.npm.taobao.org/promise/download/promise-7.3.1.tgz#064b72602b18f90f29192b8b1bc418ffd1ebd3bf"
  dependencies:
    asap "~2.0.3"

prr@~0.0.0:
  version "0.0.0"
  resolved "http://registry.npm.taobao.org/prr/download/prr-0.0.0.tgz#1a84b85908325501411853d0081ee3fa86e2926a"

punycode@^1.4.1:
  version "1.4.1"
  resolved "http://registry.npm.taobao.org/punycode/download/punycode-1.4.1.tgz#c0d5a63b2718800ad8e1eb0fa5269c84dd41845e"

qs@~6.4.0:
  version "6.4.0"
  resolved "http://registry.npm.taobao.org/qs/download/qs-6.4.0.tgz#13e26d28ad6b0ffaa91312cd3bf708ed351e7233"

randomatic@^1.1.3:
  version "1.1.7"
  resolved "http://registry.npm.taobao.org/randomatic/download/randomatic-1.1.7.tgz#c7abe9cc8b87c0baa876b19fde83fd464797e38c"
  dependencies:
    is-number "^3.0.0"
    kind-of "^4.0.0"

regex-cache@^0.4.2:
  version "0.4.4"
  resolved "http://registry.npm.taobao.org/regex-cache/download/regex-cache-0.4.4.tgz#75bdc58a2a1496cec48a12835bc54c8d562336dd"
  dependencies:
    is-equal-shallow "^0.1.3"

remove-trailing-separator@^1.0.1:
  version "1.1.0"
  resolved "http://registry.npm.taobao.org/remove-trailing-separator/download/remove-trailing-separator-1.1.0.tgz#c24bce2a283adad5bc3f58e0d48249b92379d8ef"

repeat-element@^1.1.2:
  version "1.1.2"
  resolved "http://registry.npm.taobao.org/repeat-element/download/repeat-element-1.1.2.tgz#ef089a178d1483baae4d93eb98b4f9e4e11d990a"

repeat-string@^1.5.2:
  version "1.6.1"
  resolved "http://registry.npm.taobao.org/repeat-string/download/repeat-string-1.6.1.tgz#8dcae470e1c88abc2d600fff4a776286da75e637"

request@^2.72.0:
  version "2.81.0"
  resolved "http://registry.npm.taobao.org/request/download/request-2.81.0.tgz#c6928946a0e06c5f8d6f8a9333469ffda46298a0"
  dependencies:
    aws-sign2 "~0.6.0"
    aws4 "^1.2.1"
    caseless "~0.12.0"
    combined-stream "~1.0.5"
    extend "~3.0.0"
    forever-agent "~0.6.1"
    form-data "~2.1.1"
    har-validator "~4.2.1"
    hawk "~3.1.3"
    http-signature "~1.1.0"
    is-typedarray "~1.0.0"
    isstream "~0.1.2"
    json-stringify-safe "~5.0.1"
    mime-types "~2.1.7"
    oauth-sign "~0.8.1"
    performance-now "^0.2.0"
    qs "~6.4.0"
    safe-buffer "^5.0.1"
    stringstream "~0.0.4"
    tough-cookie "~2.3.0"
    tunnel-agent "^0.6.0"
    uuid "^3.0.0"

resolve@1.1.7:
  version "1.1.7"
  resolved "http://registry.npm.taobao.org/resolve/download/resolve-1.1.7.tgz#203114d82ad2c5ed9e8e0411b3932875e889e97b"

resolve@^1.1.6, resolve@^1.4.0:
  version "1.4.0"
  resolved "http://registry.npm.taobao.org/resolve/download/resolve-1.4.0.tgz#a75be01c53da25d934a98ebd0e4c4a7312f92a86"
  dependencies:
    path-parse "^1.0.5"

rimraf@^2.2.8:
  version "2.6.2"
  resolved "http://registry.npm.taobao.org/rimraf/download/rimraf-2.6.2.tgz#2ed8150d24a16ea8651e6d6ef0f47c4158ce7a36"
  dependencies:
    glob "^7.0.5"

rollup-plugin-commonjs@^8.1.0:
  version "8.2.0"
  resolved "http://registry.npm.taobao.org/rollup-plugin-commonjs/download/rollup-plugin-commonjs-8.2.0.tgz#d7b16ebb9a36b754df888fc552dfa775c1174f9d"
  dependencies:
    acorn "^5.1.1"
    estree-walker "^0.5.0"
    magic-string "^0.22.4"
    resolve "^1.4.0"
    rollup-pluginutils "^2.0.1"

"rollup-plugin-less@git+https://github.com/ywzhaiqi/rollup-plugin-less.git":
  version "0.1.0"
  resolved "git+https://github.com/ywzhaiqi/rollup-plugin-less.git#a72d11062726239749e5af3aff9030647c937091"
  dependencies:
    fs-extra "^0.30.0"
    less "^2.7.1"
    rollup "^0.48.2"
    rollup-pluginutils "^1.5.1"

rollup-plugin-node-resolve@^3.0.0:
  version "3.0.0"
  resolved "http://registry.npm.taobao.org/rollup-plugin-node-resolve/download/rollup-plugin-node-resolve-3.0.0.tgz#8b897c4c3030d5001277b0514b25d2ca09683ee0"
  dependencies:
    browser-resolve "^1.11.0"
    builtin-modules "^1.1.0"
    is-module "^1.0.0"
    resolve "^1.1.6"

rollup-plugin-string@^2.0.2:
  version "2.0.2"
  resolved "http://registry.npm.taobao.org/rollup-plugin-string/download/rollup-plugin-string-2.0.2.tgz#f5323a22cfd738b450cbea62ab6593705eac744b"
  dependencies:
    rollup-pluginutils "^1.5.0"

"rollup-plugin-typescript@git+https://github.com/ywzhaiqi/rollup-plugin-typescript.git":
  version "0.8.1"
  resolved "git+https://github.com/ywzhaiqi/rollup-plugin-typescript.git#385d82a49811fd839e751caab32d6aa01000b373"
  dependencies:
    compare-versions "3.0.1"
    object-assign "^4.0.1"
    rollup-pluginutils "^2.0.1"
    tippex "^3.0.0"
    typescript "^2.4.2"

rollup-plugin-userscript-css@^1.2.0:
  version "1.2.0"
  resolved "http://registry.npm.taobao.org/rollup-plugin-userscript-css/download/rollup-plugin-userscript-css-1.2.0.tgz#cab4c30f82d2b8756b049160d426369ecf2a510a"
  dependencies:
    rollup-pluginutils "^2.0.1"

rollup-plugin-vue2@^0.8.0:
  version "0.8.0"
  resolved "http://registry.npm.taobao.org/rollup-plugin-vue2/download/rollup-plugin-vue2-0.8.0.tgz#a2ae4543c2c8939af1e183bb10529859401d209b"
  dependencies:
    magic-string "^0.19.0"
    rollup-pluginutils "^1.5.2||2.x"
    vue-template-compiler "^2.1.3"
    vue-template-es2015-compiler "^1.5.0"

rollup-pluginutils@^1.5.0, rollup-pluginutils@^1.5.1:
  version "1.5.2"
  resolved "http://registry.npm.taobao.org/rollup-pluginutils/download/rollup-pluginutils-1.5.2.tgz#1e156e778f94b7255bfa1b3d0178be8f5c552408"
  dependencies:
    estree-walker "^0.2.1"
    minimatch "^3.0.2"

rollup-pluginutils@^1.5.2||2.x, rollup-pluginutils@^2.0.1:
  version "2.0.1"
  resolved "http://registry.npm.taobao.org/rollup-pluginutils/download/rollup-pluginutils-2.0.1.tgz#7ec95b3573f6543a46a6461bd9a7c544525d0fc0"
  dependencies:
    estree-walker "^0.3.0"
    micromatch "^2.3.11"

rollup@^0.48.2:
  version "0.48.2"
  resolved "http://registry.npm.taobao.org/rollup/download/rollup-0.48.2.tgz#dd9214eaf78d98a7771bf5583123cc80a0b5d6dc"

safe-buffer@^5.0.1:
  version "5.1.1"
  resolved "http://registry.npm.taobao.org/safe-buffer/download/safe-buffer-5.1.1.tgz#893312af69b2123def71f57889001671eeb2c853"

sntp@1.x.x:
  version "1.0.9"
  resolved "http://registry.npm.taobao.org/sntp/download/sntp-1.0.9.tgz#6541184cc90aeea6c6e7b35e2659082443c66198"
  dependencies:
    hoek "2.x.x"

source-map@^0.5.3:
  version "0.5.7"
  resolved "http://registry.npm.taobao.org/source-map/download/source-map-0.5.7.tgz#8a039d2d1021d22d1ea14c80d8ea468ba2ef3fcc"

sshpk@^1.7.0:
  version "1.13.1"
  resolved "http://registry.npm.taobao.org/sshpk/download/sshpk-1.13.1.tgz#512df6da6287144316dc4c18fe1cf1d940739be3"
  dependencies:
    asn1 "~0.2.3"
    assert-plus "^1.0.0"
    dashdash "^1.12.0"
    getpass "^0.1.1"
  optionalDependencies:
    bcrypt-pbkdf "^1.0.0"
    ecc-jsbn "~0.1.1"
    jsbn "~0.1.0"
    tweetnacl "~0.14.0"

stringstream@~0.0.4:
  version "0.0.5"
  resolved "http://registry.npm.taobao.org/stringstream/download/stringstream-0.0.5.tgz#4e484cd4de5a0bbbee18e46307710a8a81621878"

tippex@^3.0.0:
  version "3.0.0"
  resolved "http://registry.npm.taobao.org/tippex/download/tippex-3.0.0.tgz#b17609a27ceaffe0797b387393fd99878e4d7ea9"

tough-cookie@~2.3.0:
  version "2.3.2"
  resolved "http://registry.npm.taobao.org/tough-cookie/download/tough-cookie-2.3.2.tgz#f081f76e4c85720e6c37a5faced737150d84072a"
  dependencies:
    punycode "^1.4.1"

tunnel-agent@^0.6.0:
  version "0.6.0"
  resolved "http://registry.npm.taobao.org/tunnel-agent/download/tunnel-agent-0.6.0.tgz#27a5dea06b36b04a0a9966774b290868f0fc40fd"
  dependencies:
    safe-buffer "^5.0.1"

tweetnacl@^0.14.3, tweetnacl@~0.14.0:
  version "0.14.5"
  resolved "http://registry.npm.taobao.org/tweetnacl/download/tweetnacl-0.14.5.tgz#5ae68177f192d4456269d108afa93ff8743f4f64"

typescript@^2.4.2:
  version "2.5.2"
  resolved "http://registry.npm.taobao.org/typescript/download/typescript-2.5.2.tgz#038a95f7d9bbb420b1bf35ba31d4c5c1dd3ffe34"

uuid@^3.0.0:
  version "3.1.0"
  resolved "http://registry.npm.taobao.org/uuid/download/uuid-3.1.0.tgz#3dd3d3e790abc24d7b0d3a034ffababe28ebbc04"

verror@1.10.0:
  version "1.10.0"
  resolved "http://registry.npm.taobao.org/verror/download/verror-1.10.0.tgz#3a105ca17053af55d6e270c1f8288682e18da400"
  dependencies:
    assert-plus "^1.0.0"
    core-util-is "1.0.2"
    extsprintf "^1.2.0"

vlq@^0.2.1:
  version "0.2.2"
  resolved "http://registry.npm.taobao.org/vlq/download/vlq-0.2.2.tgz#e316d5257b40b86bb43cb8d5fea5d7f54d6b0ca1"

vue-template-compiler@^2.1.3:
  version "2.4.2"
  resolved "http://registry.npm.taobao.org/vue-template-compiler/download/vue-template-compiler-2.4.2.tgz#5a45d843f148b098f6c1d1e35ac20c4956d30ad1"
  dependencies:
    de-indent "^1.0.2"
    he "^1.1.0"

vue-template-es2015-compiler@^1.5.0:
  version "1.5.3"
  resolved "http://registry.npm.taobao.org/vue-template-es2015-compiler/download/vue-template-es2015-compiler-1.5.3.tgz#22787de4e37ebd9339b74223bc467d1adee30545"

wrappy@1:
  version "1.0.2"
  resolved "http://registry.npm.taobao.org/wrappy/download/wrappy-1.0.2.tgz#b5243d8f3ec1aa35f1364605bc0d1036e30ab69f"
